
Microsoft Visual Studio Solution File, Format Version 12.00
# Visual Studio 2013
VisualStudioVersion = 12.0.21005.1
MinimumVisualStudioVersion = 10.0.40219.1
Project("{FAE04EC0-301F-11D3-BF4B-00C04F79EFBC}") = "GameOfLifeKata", "GameOfLifeKata\GameOfLifeKata.csproj", "{DA05D872-C98A-463A-AE79-C5ACD856E1E5}"
EndProject
Project("{FAE04EC0-301F-11D3-BF4B-00C04F79EFBC}") = "GameOfLifeKataTests", "GameOfLifeKataTests\GameOfLifeKataTests.csproj", "{ECBF1830-38FA-423F-9862-4164440E5FF2}"
EndProject
Global
	GlobalSection(SolutionConfigurationPlatforms) = preSolution
		Debug|Any CPU = Debug|Any CPU
		Release|Any CPU = Release|Any CPU
	EndGlobalSection
	GlobalSection(ProjectConfigurationPlatforms) = postSolution
		{DA05D872-C98A-463A-AE79-C5ACD856E1E5}.Debug|Any CPU.ActiveCfg = Debug|Any CPU
		{DA05D872-C98A-463A-AE79-C5ACD856E1E5}.Debug|Any CPU.Build.0 = Debug|Any CPU
		{DA05D872-C98A-463A-AE79-C5ACD856E1E5}.Release|Any CPU.ActiveCfg = Release|Any CPU
		{DA05D872-C98A-463A-AE79-C5ACD856E1E5}.Release|Any CPU.Build.0 = Release|Any CPU
		{ECBF1830-38FA-423F-9862-4164440E5FF2}.Debug|Any CPU.ActiveCfg = Debug|Any CPU
		{ECBF1830-38FA-423F-9862-4164440E5FF2}.Debug|Any CPU.Build.0 = Debug|Any CPU
		{ECBF1830-38FA-423F-9862-4164440E5FF2}.Release|Any CPU.ActiveCfg = Release|Any CPU
		{ECBF1830-38FA-423F-9862-4164440E5FF2}.Release|Any CPU.Build.0 = Release|Any CPU
	EndGlobalSection
	GlobalSection(SolutionProperties) = preSolution
		HideSolutionNode = FALSE
	EndGlobalSection
EndGlobal
